
Microsoft Visual Studio Solution File, Format Version 12.00
# Visual Studio 15
VisualStudioVersion = 15.0.28307.1062
MinimumVisualStudioVersion = 10.0.40219.1
Project("{FAE04EC0-301F-11D3-BF4B-00C04F79EFBC}") = "Scanner", "Scanner\Scanner.csproj", "{8D201F18-F18B-475E-A5D4-556DA4B24BFE}"
EndProject
Global
	GlobalSection(SolutionConfigurationPlatforms) = preSolution
		Debug|Any CPU = Debug|Any CPU
		Release|Any CPU = Release|Any CPU
	EndGlobalSection
	GlobalSection(ProjectConfigurationPlatforms) = postSolution
		{8D201F18-F18B-475E-A5D4-556DA4B24BFE}.Debug|Any CPU.ActiveCfg = Debug|Any CPU
		{8D201F18-F18B-475E-A5D4-556DA4B24BFE}.Debug|Any CPU.Build.0 = Debug|Any CPU
		{8D201F18-F18B-475E-A5D4-556DA4B24BFE}.Release|Any CPU.ActiveCfg = Release|Any CPU
		{8D201F18-F18B-475E-A5D4-556DA4B24BFE}.Release|Any CPU.Build.0 = Release|Any CPU
	EndGlobalSection
	GlobalSection(SolutionProperties) = preSolution
		HideSolutionNode = FALSE
	EndGlobalSection
	GlobalSection(ExtensibilityGlobals) = postSolution
		SolutionGuid = {7160DA70-7529-430C-857E-E79011921B09}
	EndGlobalSection
EndGlobal
